<?xml version="1.0" encoding="utf-8"?>
<Project ToolsVersion="4.0" xmlns="http://schemas.microsoft.com/developer/msbuild/2003">
  <ItemGroup>
    <ClCompile Include="BubbleConsole.cpp">
      <Filter>Source</Filter>
    </ClCompile>
    <ClCompile Include="..\Shared\TimerWrapper.cpp">
      <Filter>Source\Shared</Filter>
    </ClCompile>
    <ClCompile Include="BubblesEntry.cpp" />
    <ClCompile Include="Bubbles.cpp" />
  </ItemGroup>
  <ItemGroup>
    <ClInclude Include="BubbleBubble.h">
      <Filter>Headers</Filter>
    </ClInclude>
    <ClInclude Include="BubbleDLL_PUBLIC.h">
      <Filter>Headers</Filter>
    </ClInclude>
    <ClInclude Include="BubbleSTDCALL.h">
      <Filter>Headers</Filter>
    </ClInclude>
    <ClInclude Include="BubbleFindCollisions.h">
      <Filter>Headers</Filter>
    </ClInclude>
    <ClInclude Include="BubbleEngine.h">
      <Filter>Headers</Filter>
    </ClInclude>
    <ClInclude Include="BubbleDimensionCracker.h">
      <Filter>Headers</Filter>
    </ClInclude>
    <ClInclude Include="BubbleTrace.h">
      <Filter>Headers</Filter>
    </ClInclude>
    <ClInclude Include="BubbleVariables.h">
      <Filter>Headers</Filter>
    </ClInclude>
    <ClInclude Include="BubbleConsole.h">
      <Filter>Headers</Filter>
    </ClInclude>
    <ClInclude Include="BubbleCollisionReportThread.h">
      <Filter>Headers</Filter>
    </ClInclude>
    <ClInclude Include="..\Shared\TimerWrapper.h">
      <Filter>Headers\Shared</Filter>
    </ClInclude>
    <ClInclude Include="Bubbles.h" />
  </ItemGroup>
  <ItemGroup>
    <Filter Include="Headers">
      <UniqueIdentifier>{034aeba6-f92e-4d53-9954-ef41e1e35c55}</UniqueIdentifier>
    </Filter>
    <Filter Include="Source">
      <UniqueIdentifier>{d782b6d8-b00e-4e9d-8aaf-74f8719d97ee}</UniqueIdentifier>
    </Filter>
    <Filter Include="Headers\Shared">
      <UniqueIdentifier>{7b45cdba-1c20-4ff3-afe2-8e1d358caeb0}</UniqueIdentifier>
    </Filter>
    <Filter Include="Source\Shared">
      <UniqueIdentifier>{d59621ba-fa44-4986-ac90-3ac1c831b73e}</UniqueIdentifier>
    </Filter>
  </ItemGroup>
  <ItemGroup>
    <None Include="Bubbles.def" />
  </ItemGroup>
</Project>