
Microsoft Visual Studio Solution File, Format Version 11.00
# Visual Studio 2010
Project("{8BC9CEB8-8B4A-11D0-8D11-00A0C91BC942}") = "Bubbles", "Bubbles.vcxproj", "{5144B4B1-5892-4BE6-A9B9-6AE7EBBF7D86}"
EndProject
Project("{2150E333-8FDC-42A3-9474-1A3956D46DE8}") = "Shared", "Shared", "{0C08E430-C5C9-4BE3-A860-EE4A45C05C15}"
	ProjectSection(SolutionItems) = preProject
		..\Shared\CoordCallback.h = ..\Shared\CoordCallback.h
		..\Shared\DLL_PUBLIC.h = ..\Shared\DLL_PUBLIC.h
		..\Shared\STDCALL.h = ..\Shared\STDCALL.h
		..\Shared\TimerWrapper.cpp = ..\Shared\TimerWrapper.cpp
		..\Shared\TimerWrapper.h = ..\Shared\TimerWrapper.h
		..\Shared\TraceFunc.h = ..\Shared\TraceFunc.h
	EndProjectSection
EndProject
Project("{FAE04EC0-301F-11D3-BF4B-00C04F79EFBC}") = "Bubbles_WinForms_CSExample", "..\Bubbles_WinForms_CSExample\Bubbles_WinForms_CSExample.csproj", "{30EDABD5-B30E-449D-B131-9428274B8B33}"
EndProject
Global
	GlobalSection(SolutionConfigurationPlatforms) = preSolution
		Debug|Mixed Platforms = Debug|Mixed Platforms
		Debug|Win32 = Debug|Win32
		Debug|x86 = Debug|x86
		Release|Mixed Platforms = Release|Mixed Platforms
		Release|Win32 = Release|Win32
		Release|x86 = Release|x86
	EndGlobalSection
	GlobalSection(ProjectConfigurationPlatforms) = postSolution
		{5144B4B1-5892-4BE6-A9B9-6AE7EBBF7D86}.Debug|Mixed Platforms.ActiveCfg = Debug|Win32
		{5144B4B1-5892-4BE6-A9B9-6AE7EBBF7D86}.Debug|Mixed Platforms.Build.0 = Debug|Win32
		{5144B4B1-5892-4BE6-A9B9-6AE7EBBF7D86}.Debug|Win32.ActiveCfg = Debug|Win32
		{5144B4B1-5892-4BE6-A9B9-6AE7EBBF7D86}.Debug|Win32.Build.0 = Debug|Win32
		{5144B4B1-5892-4BE6-A9B9-6AE7EBBF7D86}.Debug|x86.ActiveCfg = Debug|Win32
		{5144B4B1-5892-4BE6-A9B9-6AE7EBBF7D86}.Release|Mixed Platforms.ActiveCfg = Release|Win32
		{5144B4B1-5892-4BE6-A9B9-6AE7EBBF7D86}.Release|Mixed Platforms.Build.0 = Release|Win32
		{5144B4B1-5892-4BE6-A9B9-6AE7EBBF7D86}.Release|Win32.ActiveCfg = Release|Win32
		{5144B4B1-5892-4BE6-A9B9-6AE7EBBF7D86}.Release|Win32.Build.0 = Release|Win32
		{5144B4B1-5892-4BE6-A9B9-6AE7EBBF7D86}.Release|x86.ActiveCfg = Release|Win32
		{30EDABD5-B30E-449D-B131-9428274B8B33}.Debug|Mixed Platforms.ActiveCfg = Debug|x86
		{30EDABD5-B30E-449D-B131-9428274B8B33}.Debug|Mixed Platforms.Build.0 = Debug|x86
		{30EDABD5-B30E-449D-B131-9428274B8B33}.Debug|Win32.ActiveCfg = Debug|x86
		{30EDABD5-B30E-449D-B131-9428274B8B33}.Debug|x86.ActiveCfg = Debug|x86
		{30EDABD5-B30E-449D-B131-9428274B8B33}.Debug|x86.Build.0 = Debug|x86
		{30EDABD5-B30E-449D-B131-9428274B8B33}.Release|Mixed Platforms.ActiveCfg = Release|x86
		{30EDABD5-B30E-449D-B131-9428274B8B33}.Release|Mixed Platforms.Build.0 = Release|x86
		{30EDABD5-B30E-449D-B131-9428274B8B33}.Release|Win32.ActiveCfg = Release|x86
		{30EDABD5-B30E-449D-B131-9428274B8B33}.Release|x86.ActiveCfg = Release|x86
		{30EDABD5-B30E-449D-B131-9428274B8B33}.Release|x86.Build.0 = Release|x86
	EndGlobalSection
	GlobalSection(SolutionProperties) = preSolution
		HideSolutionNode = FALSE
	EndGlobalSection
EndGlobal
